
Microsoft Visual Studio Solution File, Format Version 11.00
# Visual Studio 2010
Project("{FAE04EC0-301F-11D3-BF4B-00C04F79EFBC}") = "Robo Assembly", "Robo Assembly\Robo Assembly.csproj", "{DC5D6D82-C07F-41EE-8FB0-6B68AB0545DA}"
EndProject
Global
	GlobalSection(SolutionConfigurationPlatforms) = preSolution
		Debug|Any CPU = Debug|Any CPU
		Release|Any CPU = Release|Any CPU
	EndGlobalSection
	GlobalSection(ProjectConfigurationPlatforms) = postSolution
		{DC5D6D82-C07F-41EE-8FB0-6B68AB0545DA}.Debug|Any CPU.ActiveCfg = Debug|Any CPU
		{DC5D6D82-C07F-41EE-8FB0-6B68AB0545DA}.Debug|Any CPU.Build.0 = Debug|Any CPU
		{DC5D6D82-C07F-41EE-8FB0-6B68AB0545DA}.Release|Any CPU.ActiveCfg = Release|Any CPU
		{DC5D6D82-C07F-41EE-8FB0-6B68AB0545DA}.Release|Any CPU.Build.0 = Release|Any CPU
	EndGlobalSection
	GlobalSection(SolutionProperties) = preSolution
		HideSolutionNode = FALSE
	EndGlobalSection
EndGlobal
